
Microsoft Visual Studio Solution File, Format Version 12.00
# Visual Studio Version 16
VisualStudioVersion = 16.0.32228.343
MinimumVisualStudioVersion = 10.0.40219.1
Project("{FAE04EC0-301F-11D3-BF4B-00C04F79EFBC}") = "ConsoleApp1", "ConsoleApp1\ConsoleApp1.csproj", "{1ACA10B0-8202-4C04-8778-2E24846A16C0}"
EndProject
Global
	GlobalSection(SolutionConfigurationPlatforms) = preSolution
		Debug|Any CPU = Debug|Any CPU
		Release|Any CPU = Release|Any CPU
	EndGlobalSection
	GlobalSection(ProjectConfigurationPlatforms) = postSolution
		{1ACA10B0-8202-4C04-8778-2E24846A16C0}.Debug|Any CPU.ActiveCfg = Debug|Any CPU
		{1ACA10B0-8202-4C04-8778-2E24846A16C0}.Debug|Any CPU.Build.0 = Debug|Any CPU
		{1ACA10B0-8202-4C04-8778-2E24846A16C0}.Release|Any CPU.ActiveCfg = Release|Any CPU
		{1ACA10B0-8202-4C04-8778-2E24846A16C0}.Release|Any CPU.Build.0 = Release|Any CPU
	EndGlobalSection
	GlobalSection(SolutionProperties) = preSolution
		HideSolutionNode = FALSE
	EndGlobalSection
	GlobalSection(ExtensibilityGlobals) = postSolution
		SolutionGuid = {35342D95-57A9-462F-A66D-CC1DE4DFFBA4}
	EndGlobalSection
EndGlobal
